
Microsoft Visual Studio Solution File, Format Version 12.00
# Visual Studio Version 16
VisualStudioVersion = 16.0.28531.58
MinimumVisualStudioVersion = 10.0.40219.1
Project("{FAE04EC0-301F-11D3-BF4B-00C04F79EFBC}") = "ArrayLibrary", "ClassLibrary\ArrayLibrary.csproj", "{43F029F8-0285-4361-B1AE-35541C5BA3E7}"
EndProject
Project("{FAE04EC0-301F-11D3-BF4B-00C04F79EFBC}") = "Console", "Task3.2\Console.csproj", "{19585C58-42A5-4D32-BBFE-A05DB7873E8D}"
EndProject
Project("{FAE04EC0-301F-11D3-BF4B-00C04F79EFBC}") = "ArrayLibraryTests", "UnitTests\ArrayLibraryTests.csproj", "{1839E90B-525F-4E77-A659-7E4ED8EB39C2}"
EndProject
Global
	GlobalSection(SolutionConfigurationPlatforms) = preSolution
		Debug|Any CPU = Debug|Any CPU
		Release|Any CPU = Release|Any CPU
	EndGlobalSection
	GlobalSection(ProjectConfigurationPlatforms) = postSolution
		{43F029F8-0285-4361-B1AE-35541C5BA3E7}.Debug|Any CPU.ActiveCfg = Debug|Any CPU
		{43F029F8-0285-4361-B1AE-35541C5BA3E7}.Debug|Any CPU.Build.0 = Debug|Any CPU
		{43F029F8-0285-4361-B1AE-35541C5BA3E7}.Release|Any CPU.ActiveCfg = Release|Any CPU
		{43F029F8-0285-4361-B1AE-35541C5BA3E7}.Release|Any CPU.Build.0 = Release|Any CPU
		{19585C58-42A5-4D32-BBFE-A05DB7873E8D}.Debug|Any CPU.ActiveCfg = Debug|Any CPU
		{19585C58-42A5-4D32-BBFE-A05DB7873E8D}.Debug|Any CPU.Build.0 = Debug|Any CPU
		{19585C58-42A5-4D32-BBFE-A05DB7873E8D}.Release|Any CPU.ActiveCfg = Release|Any CPU
		{19585C58-42A5-4D32-BBFE-A05DB7873E8D}.Release|Any CPU.Build.0 = Release|Any CPU
		{1839E90B-525F-4E77-A659-7E4ED8EB39C2}.Debug|Any CPU.ActiveCfg = Debug|Any CPU
		{1839E90B-525F-4E77-A659-7E4ED8EB39C2}.Debug|Any CPU.Build.0 = Debug|Any CPU
		{1839E90B-525F-4E77-A659-7E4ED8EB39C2}.Release|Any CPU.ActiveCfg = Release|Any CPU
		{1839E90B-525F-4E77-A659-7E4ED8EB39C2}.Release|Any CPU.Build.0 = Release|Any CPU
	EndGlobalSection
	GlobalSection(SolutionProperties) = preSolution
		HideSolutionNode = FALSE
	EndGlobalSection
	GlobalSection(ExtensibilityGlobals) = postSolution
		SolutionGuid = {E40959B8-18BE-4131-BD0B-2DD51F5B67E7}
	EndGlobalSection
EndGlobal
